// !$*UTF8*$!
{
	archiveVersion = 1;
	classes = {
	};
	objectVersion = 46;
	objects = {

/* Begin PBXBuildFile section */
		9761EC541D3CC0A500B4047F /* main.m in Sources */ = {isa = PBXBuildFile; fileRef = 9761EC531D3CC0A500B4047F /* main.m */; };
		9761EC571D3CC0A500B4047F /* AppDelegate.m in Sources */ = {isa = PBXBuildFile; fileRef = 9761EC561D3CC0A500B4047F /* AppDelegate.m */; };
		9761EC5A1D3CC0A500B4047F /* ViewController.m in Sources */ = {isa = PBXBuildFile; fileRef = 9761EC591D3CC0A500B4047F /* ViewController.m */; };
		9761EC5D1D3CC0A500B4047F /* Main.storyboard in Resources */ = {isa = PBXBuildFile; fileRef = 9761EC5B1D3CC0A500B4047F /* Main.storyboard */; };
		9761EC5F1D3CC0A500B4047F /* Assets.xcassets in Resources */ = {isa = PBXBuildFile; fileRef = 9761EC5E1D3CC0A500B4047F /* Assets.xcassets */; };
		9761EC621D3CC0A500B4047F /* LaunchScreen.storyboard in Resources */ = {isa = PBXBuildFile; fileRef = 9761EC601D3CC0A500B4047F /* LaunchScreen.storyboard */; };
		97BC702E1D3CC12E00711A34 /* CLFooterCircleView.m in Sources */ = {isa = PBXBuildFile; fileRef = 97BC70221D3CC12D00711A34 /* CLFooterCircleView.m */; };
		97BC702F1D3CC12E00711A34 /* CLHeaderCircleView.m in Sources */ = {isa = PBXBuildFile; fileRef = 97BC70241D3CC12E00711A34 /* CLHeaderCircleView.m */; };
		97BC70301D3CC12E00711A34 /* RefreshBaseView.m in Sources */ = {isa = PBXBuildFile; fileRef = 97BC70261D3CC12E00711A34 /* RefreshBaseView.m */; };
		97BC70311D3CC12E00711A34 /* RefreshFooterView.m in Sources */ = {isa = PBXBuildFile; fileRef = 97BC70281D3CC12E00711A34 /* RefreshFooterView.m */; };
		97BC70321D3CC12E00711A34 /* RefreshHeaderView.m in Sources */ = {isa = PBXBuildFile; fileRef = 97BC702A1D3CC12E00711A34 /* RefreshHeaderView.m */; };
		97BC70331D3CC12E00711A34 /* UIScrollView+Refresh.m in Sources */ = {isa = PBXBuildFile; fileRef = 97BC702C1D3CC12E00711A34 /* UIScrollView+Refresh.m */; };
/* End PBXBuildFile section */

/* Begin PBXFileReference section */
		9761EC4F1D3CC0A500B4047F /* CLRefreshDemo.app */ = {isa = PBXFileReference; explicitFileType = wrapper.application; includeInIndex = 0; path = CLRefreshDemo.app; sourceTree = BUILT_PRODUCTS_DIR; };
		9761EC531D3CC0A500B4047F /* main.m */ = {isa = PBXFileReference; lastKnownFileType = sourcecode.c.objc; path = main.m; sourceTree = "<group>"; };
		9761EC551D3CC0A500B4047F /* AppDelegate.h */ = {isa = PBXFileReference; lastKnownFileType = sourcecode.c.h; path = AppDelegate.h; sourceTree = "<group>"; };
		9761EC561D3CC0A500B4047F /* AppDelegate.m */ = {isa = PBXFileReference; lastKnownFileType = sourcecode.c.objc; path = AppDelegate.m; sourceTree = "<group>"; };
		9761EC581D3CC0A500B4047F /* ViewController.h */ = {isa = PBXFileReference; lastKnownFileType = sourcecode.c.h; path = ViewController.h; sourceTree = "<group>"; };
		9761EC591D3CC0A500B4047F /* ViewController.m */ = {isa = PBXFileReference; lastKnownFileType = sourcecode.c.objc; path = ViewController.m; sourceTree = "<group>"; };
		9761EC5C1D3CC0A500B4047F /* Base */ = {isa = PBXFileReference; lastKnownFileType = file.storyboard; name = Base; path = Base.lproj/Main.storyboard; sourceTree = "<group>"; };
		9761EC5E1D3CC0A500B4047F /* Assets.xcassets */ = {isa = PBXFileReference; lastKnownFileType = folder.assetcatalog; path = Assets.xcassets; sourceTree = "<group>"; };
		9761EC611D3CC0A500B4047F /* Base */ = {isa = PBXFileReference; lastKnownFileType = file.storyboard; name = Base; path = Base.lproj/LaunchScreen.storyboard; sourceTree = "<group>"; };
		9761EC631D3CC0A500B4047F /* Info.plist */ = {isa = PBXFileReference; lastKnownFileType = text.plist.xml; path = Info.plist; sourceTree = "<group>"; };
		97BC70211D3CC12D00711A34 /* CLFooterCircleView.h */ = {isa = PBXFileReference; fileEncoding = 4; lastKnownFileType = sourcecode.c.h; path = CLFooterCircleView.h; sourceTree = "<group>"; };
		97BC70221D3CC12D00711A34 /* CLFooterCircleView.m */ = {isa = PBXFileReference; fileEncoding = 4; lastKnownFileType = sourcecode.c.objc; path = CLFooterCircleView.m; sourceTree = "<group>"; };
		97BC70231D3CC12E00711A34 /* CLHeaderCircleView.h */ = {isa = PBXFileReference; fileEncoding = 4; lastKnownFileType = sourcecode.c.h; path = CLHeaderCircleView.h; sourceTree = "<group>"; };
		97BC70241D3CC12E00711A34 /* CLHeaderCircleView.m */ = {isa = PBXFileReference; fileEncoding = 4; lastKnownFileType = sourcecode.c.objc; path = CLHeaderCircleView.m; sourceTree = "<group>"; };
		97BC70251D3CC12E00711A34 /* RefreshBaseView.h */ = {isa = PBXFileReference; fileEncoding = 4; lastKnownFileType = sourcecode.c.h; path = RefreshBaseView.h; sourceTree = "<group>"; };
		97BC70261D3CC12E00711A34 /* RefreshBaseView.m */ = {isa = PBXFileReference; fileEncoding = 4; lastKnownFileType = sourcecode.c.objc; path = RefreshBaseView.m; sourceTree = "<group>"; };
		97BC70271D3CC12E00711A34 /* RefreshFooterView.h */ = {isa = PBXFileReference; fileEncoding = 4; lastKnownFileType = sourcecode.c.h; path = RefreshFooterView.h; sourceTree = "<group>"; };
		97BC70281D3CC12E00711A34 /* RefreshFooterView.m */ = {isa = PBXFileReference; fileEncoding = 4; lastKnownFileType = sourcecode.c.objc; path = RefreshFooterView.m; sourceTree = "<group>"; };
		97BC70291D3CC12E00711A34 /* RefreshHeaderView.h */ = {isa = PBXFileReference; fileEncoding = 4; lastKnownFileType = sourcecode.c.h; path = RefreshHeaderView.h; sourceTree = "<group>"; };
		97BC702A1D3CC12E00711A34 /* RefreshHeaderView.m */ = {isa = PBXFileReference; fileEncoding = 4; lastKnownFileType = sourcecode.c.objc; path = RefreshHeaderView.m; sourceTree = "<group>"; };
		97BC702B1D3CC12E00711A34 /* UIScrollView+Refresh.h */ = {isa = PBXFileReference; fileEncoding = 4; lastKnownFileType = sourcecode.c.h; path = "UIScrollView+Refresh.h"; sourceTree = "<group>"; };
		97BC702C1D3CC12E00711A34 /* UIScrollView+Refresh.m */ = {isa = PBXFileReference; fileEncoding = 4; lastKnownFileType = sourcecode.c.objc; path = "UIScrollView+Refresh.m"; sourceTree = "<group>"; };
		97BC702D1D3CC12E00711A34 /* CLRefresh.h */ = {isa = PBXFileReference; fileEncoding = 4; lastKnownFileType = sourcecode.c.h; path = CLRefresh.h; sourceTree = "<group>"; };
/* End PBXFileReference section */

/* Begin PBXFrameworksBuildPhase section */
		9761EC4C1D3CC0A500B4047F /* Frameworks */ = {
			isa = PBXFrameworksBuildPhase;
			buildActionMask = 2147483647;
			files = (
			);
			runOnlyForDeploymentPostprocessing = 0;
		};
/* End PBXFrameworksBuildPhase section */

/* Begin PBXGroup section */
		9761EC461D3CC0A500B4047F = {
			isa = PBXGroup;
			children = (
				97BC701F1D3CC12D00711A34 /* CLRefresh */,
				9761EC511D3CC0A500B4047F /* CLRefreshDemo */,
				9761EC501D3CC0A500B4047F /* Products */,
			);
			sourceTree = "<group>";
		};
		9761EC501D3CC0A500B4047F /* Products */ = {
			isa = PBXGroup;
			children = (
				9761EC4F1D3CC0A500B4047F /* CLRefreshDemo.app */,
			);
			name = Products;
			sourceTree = "<group>";
		};
		9761EC511D3CC0A500B4047F /* CLRefreshDemo */ = {
			isa = PBXGroup;
			children = (
				9761EC551D3CC0A500B4047F /* AppDelegate.h */,
				9761EC561D3CC0A500B4047F /* AppDelegate.m */,
				9761EC581D3CC0A500B4047F /* ViewController.h */,
				9761EC591D3CC0A500B4047F /* ViewController.m */,
				9761EC5B1D3CC0A500B4047F /* Main.storyboard */,
				9761EC5E1D3CC0A500B4047F /* Assets.xcassets */,
				9761EC601D3CC0A500B4047F /* LaunchScreen.storyboard */,
				9761EC631D3CC0A500B4047F /* Info.plist */,
				9761EC521D3CC0A500B4047F /* Supporting Files */,
			);
			path = CLRefreshDemo;
			sourceTree = "<group>";
		};
		9761EC521D3CC0A500B4047F /* Supporting Files */ = {
			isa = PBXGroup;
			children = (
				9761EC531D3CC0A500B4047F /* main.m */,
			);
			name = "Supporting Files";
			sourceTree = "<group>";
		};
		97BC701F1D3CC12D00711A34 /* CLRefresh */ = {
			isa = PBXGroup;
			children = (
				97BC70201D3CC12D00711A34 /* CLRefresh */,
				97BC702D1D3CC12E00711A34 /* CLRefresh.h */,
			);
			name = CLRefresh;
			path = ../CLRefresh;
			sourceTree = "<group>";
		};
		97BC70201D3CC12D00711A34 /* CLRefresh */ = {
			isa = PBXGroup;
			children = (
				97BC70211D3CC12D00711A34 /* CLFooterCircleView.h */,
				97BC70221D3CC12D00711A34 /* CLFooterCircleView.m */,
				97BC70231D3CC12E00711A34 /* CLHeaderCircleView.h */,
				97BC70241D3CC12E00711A34 /* CLHeaderCircleView.m */,
				97BC70251D3CC12E00711A34 /* RefreshBaseView.h */,
				97BC70261D3CC12E00711A34 /* RefreshBaseView.m */,
				97BC70271D3CC12E00711A34 /* RefreshFooterView.h */,
				97BC70281D3CC12E00711A34 /* RefreshFooterView.m */,
				97BC70291D3CC12E00711A34 /* RefreshHeaderView.h */,
				97BC702A1D3CC12E00711A34 /* RefreshHeaderView.m */,
				97BC702B1D3CC12E00711A34 /* UIScrollView+Refresh.h */,
				97BC702C1D3CC12E00711A34 /* UIScrollView+Refresh.m */,
			);
			path = CLRefresh;
			sourceTree = "<group>";
		};
/* End PBXGroup section */

/* Begin PBXNativeTarget section */
		9761EC4E1D3CC0A500B4047F /* CLRefreshDemo */ = {
			isa = PBXNativeTarget;
			buildConfigurationList = 9761EC661D3CC0A500B4047F /* Build configuration list for PBXNativeTarget "CLRefreshDemo" */;
			buildPhases = (
				9761EC4B1D3CC0A500B4047F /* Sources */,
				9761EC4C1D3CC0A500B4047F /* Frameworks */,
				9761EC4D1D3CC0A500B4047F /* Resources */,
			);
			buildRules = (
			);
			dependencies = (
			);
			name = CLRefreshDemo;
			productName = CLRefreshDemo;
			productReference = 9761EC4F1D3CC0A500B4047F /* CLRefreshDemo.app */;
			productType = "com.apple.product-type.application";
		};
/* End PBXNativeTarget section */

/* Begin PBXProject section */
		9761EC471D3CC0A500B4047F /* Project object */ = {
			isa = PBXProject;
			attributes = {
				LastUpgradeCheck = 0730;
				ORGANIZATIONNAME = "陈林";
				TargetAttributes = {
					9761EC4E1D3CC0A500B4047F = {
						CreatedOnToolsVersion = 7.3.1;
					};
				};
			};
			buildConfigurationList = 9761EC4A1D3CC0A500B4047F /* Build configuration list for PBXProject "CLRefreshDemo" */;
			compatibilityVersion = "Xcode 3.2";
			developmentRegion = English;
			hasScannedForEncodings = 0;
			knownRegions = (
				en,
				Base,
			);
			mainGroup = 9761EC461D3CC0A500B4047F;
			productRefGroup = 9761EC501D3CC0A500B4047F /* Products */;
			projectDirPath = "";
			projectRoot = "";
			targets = (
				9761EC4E1D3CC0A500B4047F /* CLRefreshDemo */,
			);
		};
/* End PBXProject section */

/* Begin PBXResourcesBuildPhase section */
		9761EC4D1D3CC0A500B4047F /* Resources */ = {
			isa = PBXResourcesBuildPhase;
			buildActionMask = 2147483647;
			files = (
				9761EC621D3CC0A500B4047F /* LaunchScreen.storyboard in Resources */,
				9761EC5F1D3CC0A500B4047F /* Assets.xcassets in Resources */,
				9761EC5D1D3CC0A500B4047F /* Main.storyboard in Resources */,
			);
			runOnlyForDeploymentPostprocessing = 0;
		};
/* End PBXResourcesBuildPhase section */

/* Begin PBXSourcesBuildPhase section */
		9761EC4B1D3CC0A500B4047F /* Sources */ = {
			isa = PBXSourcesBuildPhase;
			buildActionMask = 2147483647;
			files = (
				9761EC5A1D3CC0A500B4047F /* ViewController.m in Sources */,
				97BC70321D3CC12E00711A34 /* RefreshHeaderView.m in Sources */,
				97BC702F1D3CC12E00711A34 /* CLHeaderCircleView.m in Sources */,
				97BC70311D3CC12E00711A34 /* RefreshFooterView.m in Sources */,
				97BC70331D3CC12E00711A34 /* UIScrollView+Refresh.m in Sources */,
				9761EC571D3CC0A500B4047F /* AppDelegate.m in Sources */,
				97BC70301D3CC12E00711A34 /* RefreshBaseView.m in Sources */,
				97BC702E1D3CC12E00711A34 /* CLFooterCircleView.m in Sources */,
				9761EC541D3CC0A500B4047F /* main.m in Sources */,
			);
			runOnlyForDeploymentPostprocessing = 0;
		};
/* End PBXSourcesBuildPhase section */

/* Begin PBXVariantGroup section */
		9761EC5B1D3CC0A500B4047F /* Main.storyboard */ = {
			isa = PBXVariantGroup;
			children = (
				9761EC5C1D3CC0A500B4047F /* Base */,
			);
			name = Main.storyboard;
			sourceTree = "<group>";
		};
		9761EC601D3CC0A500B4047F /* LaunchScreen.storyboard */ = {
			isa = PBXVariantGroup;
			children = (
				9761EC611D3CC0A500B4047F /* Base */,
			);
			name = LaunchScreen.storyboard;
			sourceTree = "<group>";
		};
/* End PBXVariantGroup section */

/* Begin XCBuildConfiguration section */
		9761EC641D3CC0A500B4047F /* Debug */ = {
			isa = XCBuildConfiguration;
			buildSettings = {
				ALWAYS_SEARCH_USER_PATHS = NO;
				CLANG_ANALYZER_NONNULL = YES;
				CLANG_CXX_LANGUAGE_STANDARD = "gnu++0x";
				CLANG_CXX_LIBRARY = "libc++";
				CLANG_ENABLE_MODULES = YES;
				CLANG_ENABLE_OBJC_ARC = YES;
				CLANG_WARN_BOOL_CONVERSION = YES;
				CLANG_WARN_CONSTANT_CONVERSION = YES;
				CLANG_WARN_DIRECT_OBJC_ISA_USAGE = YES_ERROR;
				CLANG_WARN_EMPTY_BODY = YES;
				CLANG_WARN_ENUM_CONVERSION = YES;
				CLANG_WARN_INT_CONVERSION = YES;
				CLANG_WARN_OBJC_ROOT_CLASS = YES_ERROR;
				CLANG_WARN_UNREACHABLE_CODE = YES;
				CLANG_WARN__DUPLICATE_METHOD_MATCH = YES;
				"CODE_SIGN_IDENTITY[sdk=iphoneos*]" = "iPhone Developer";
				COPY_PHASE_STRIP = NO;
				DEBUG_INFORMATION_FORMAT = dwarf;
				ENABLE_STRICT_OBJC_MSGSEND = YES;
				ENABLE_TESTABILITY = YES;
				GCC_C_LANGUAGE_STANDARD = gnu99;
				GCC_DYNAMIC_NO_PIC = NO;
				GCC_NO_COMMON_BLOCKS = YES;
				GCC_OPTIMIZATION_LEVEL = 0;
				GCC_PREPROCESSOR_DEFINITIONS = (
					"DEBUG=1",
					"$(inherited)",
				);
				GCC_WARN_64_TO_32_BIT_CONVERSION = YES;
				GCC_WARN_ABOUT_RETURN_TYPE = YES_ERROR;
				GCC_WARN_UNDECLARED_SELECTOR = YES;
				GCC_WARN_UNINITIALIZED_AUTOS = YES_AGGRESSIVE;
				GCC_WARN_UNUSED_FUNCTION = YES;
				GCC_WARN_UNUSED_VARIABLE = YES;
				IPHONEOS_DEPLOYMENT_TARGET = 9.3;
				MTL_ENABLE_DEBUG_INFO = YES;
				ONLY_ACTIVE_ARCH = YES;
				SDKROOT = iphoneos;
				TARGETED_DEVICE_FAMILY = "1,2";
			};
			name = Debug;
		};
		9761EC651D3CC0A500B4047F /* Release */ = {
			isa = XCBuildConfiguration;
			buildSettings = {
				ALWAYS_SEARCH_USER_PATHS = NO;
				CLANG_ANALYZER_NONNULL = YES;
				CLANG_CXX_LANGUAGE_STANDARD = "gnu++0x";
				CLANG_CXX_LIBRARY = "libc++";
				CLANG_ENABLE_MODULES = YES;
				CLANG_ENABLE_OBJC_ARC = YES;
				CLANG_WARN_BOOL_CONVERSION = YES;
				CLANG_WARN_CONSTANT_CONVERSION = YES;
				CLANG_WARN_DIRECT_OBJC_ISA_USAGE = YES_ERROR;
				CLANG_WARN_EMPTY_BODY = YES;
				CLANG_WARN_ENUM_CONVERSION = YES;
				CLANG_WARN_INT_CONVERSION = YES;
				CLANG_WARN_OBJC_ROOT_CLASS = YES_ERROR;
				CLANG_WARN_UNREACHABLE_CODE = YES;
				CLANG_WARN__DUPLICATE_METHOD_MATCH = YES;
				"CODE_SIGN_IDENTITY[sdk=iphoneos*]" = "iPhone Developer";
				COPY_PHASE_STRIP = NO;
				DEBUG_INFORMATION_FORMAT = "dwarf-with-dsym";
				ENABLE_NS_ASSERTIONS = NO;
				ENABLE_STRICT_OBJC_MSGSEND = YES;
				GCC_C_LANGUAGE_STANDARD = gnu99;
				GCC_NO_COMMON_BLOCKS = YES;
				GCC_WARN_64_TO_32_BIT_CONVERSION = YES;
				GCC_WARN_ABOUT_RETURN_TYPE = YES_ERROR;
				GCC_WARN_UNDECLARED_SELECTOR = YES;
				GCC_WARN_UNINITIALIZED_AUTOS = YES_AGGRESSIVE;
				GCC_WARN_UNUSED_FUNCTION = YES;
				GCC_WARN_UNUSED_VARIABLE = YES;
				IPHONEOS_DEPLOYMENT_TARGET = 9.3;
				MTL_ENABLE_DEBUG_INFO = NO;
				SDKROOT = iphoneos;
				TARGETED_DEVICE_FAMILY = "1,2";
				VALIDATE_PRODUCT = YES;
			};
			name = Release;
		};
		9761EC671D3CC0A500B4047F /* Debug */ = {
			isa = XCBuildConfiguration;
			buildSettings = {
				ASSETCATALOG_COMPILER_APPICON_NAME = AppIcon;
				INFOPLIST_FILE = CLRefreshDemo/Info.plist;
				LD_RUNPATH_SEARCH_PATHS = "$(inherited) @executable_path/Frameworks";
				PRODUCT_BUNDLE_IDENTIFIER = com.lean.CLRefresh.CLRefreshDemo;
				PRODUCT_NAME = "$(TARGET_NAME)";
			};
			name = Debug;
		};
		9761EC681D3CC0A500B4047F /* Release */ = {
			isa = XCBuildConfiguration;
			buildSettings = {
				ASSETCATALOG_COMPILER_APPICON_NAME = AppIcon;
				INFOPLIST_FILE = CLRefreshDemo/Info.plist;
				LD_RUNPATH_SEARCH_PATHS = "$(inherited) @executable_path/Frameworks";
				PRODUCT_BUNDLE_IDENTIFIER = com.lean.CLRefresh.CLRefreshDemo;
				PRODUCT_NAME = "$(TARGET_NAME)";
			};
			name = Release;
		};
/* End XCBuildConfiguration section */

/* Begin XCConfigurationList section */
		9761EC4A1D3CC0A500B4047F /* Build configuration list for PBXProject "CLRefreshDemo" */ = {
			isa = XCConfigurationList;
			buildConfigurations = (
				9761EC641D3CC0A500B4047F /* Debug */,
				9761EC651D3CC0A500B4047F /* Release */,
			);
			defaultConfigurationIsVisible = 0;
			defaultConfigurationName = Release;
		};
		9761EC661D3CC0A500B4047F /* Build configuration list for PBXNativeTarget "CLRefreshDemo" */ = {
			isa = XCConfigurationList;
			buildConfigurations = (
				9761EC671D3CC0A500B4047F /* Debug */,
				9761EC681D3CC0A500B4047F /* Release */,
			);
			defaultConfigurationIsVisible = 0;
			defaultConfigurationName = Release;
		};
/* End XCConfigurationList section */
	};
	rootObject = 9761EC471D3CC0A500B4047F /* Project object */;
}
